{
  "lockfileVersion": 1,
  "configVersion": 1,
  "workspaces": {
    "": {
      "name": "ts",
      "dependencies": {
        "turbo": "^2.8.0",
      },
      "devDependencies": {
        "@types/bun": "^1.3.6",
        "typescript": "^5",
      },
    },
    "apps/paws": {
      "name": "discord-gateway-rpc",
      "version": "1.0.0",
      "dependencies": {
        "@paws/connection-monitor": "workspace:*",
        "@paws/debug-logger": "workspace:*",
        "@paws/event-emitter": "workspace:*",
        "@paws/rate-limiter": "workspace:*",
        "@paws/shared-types": "workspace:*",
        "zod": "^4.3.6",
      },
      "devDependencies": {
        "@types/bun": "^1.3.6",
        "typescript": "^5",
      },
    },
    "packages/auth": {
      "name": "@paws/auth",
      "dependencies": {
        "@paws/connection-monitor": "workspace:*",
        "@paws/debug-logger": "workspace:*",
        "@paws/event-emitter": "workspace:*",
        "@paws/rate-limiter": "workspace:*",
        "ts-qrcode-terminal": "^1.0.1",
        "zod": "^4.3.6",
      },
      "devDependencies": {
        "@types/bun": "latest",
      },
      "peerDependencies": {
        "typescript": "^5",
      },
    },
    "packages/bun-ws-inspect": {
      "name": "bun-ws-inspect",
      "dependencies": {
        "@paws/event-emitter": "workspace:*",
      },
      "devDependencies": {
        "@types/bun": "latest",
      },
      "peerDependencies": {
        "typescript": "^5",
      },
    },
    "packages/connection-monitor": {
      "name": "@paws/connection-monitor",
      "devDependencies": {
        "@types/bun": "latest",
      },
      "peerDependencies": {
        "typescript": "^5",
      },
    },
    "packages/debug-logger": {
      "name": "@paws/debug-logger",
      "devDependencies": {
        "@types/bun": "latest",
      },
      "peerDependencies": {
        "typescript": "^5",
      },
    },
    "packages/event-emitter": {
      "name": "@paws/event-emitter",
      "devDependencies": {
        "@types/bun": "latest",
      },
      "peerDependencies": {
        "typescript": "^5",
      },
    },
    "packages/rate-limiter": {
      "name": "@paws/rate-limiter",
      "dependencies": {
        "@paws/shared-types": "workspace:*",
        "zod": "^4.3.6",
      },
      "devDependencies": {
        "@types/bun": "latest",
      },
      "peerDependencies": {
        "typescript": "^5",
      },
    },
    "packages/shared-types": {
      "name": "@paws/shared-types",
      "dependencies": {
        "zod": "^4.3.6",
      },
      "devDependencies": {
        "@types/bun": "latest",
      },
      "peerDependencies": {
        "typescript": "^5",
      },
    },
    "packages/storage": {
      "name": "@paws/storage",
      "dependencies": {
        "@paws/debug-logger": "workspace:*",
        "@paws/event-emitter": "workspace:*",
        "zod": "^4.3.6",
      },
      "devDependencies": {
        "@types/bun": "latest",
      },
      "peerDependencies": {
        "typescript": "^5",
      },
    },
  },
  "packages": {
    "@paws/auth": ["@paws/auth@workspace:packages/auth"],

    "@paws/connection-monitor": ["@paws/connection-monitor@workspace:packages/connection-monitor"],

    "@paws/debug-logger": ["@paws/debug-logger@workspace:packages/debug-logger"],

    "@paws/event-emitter": ["@paws/event-emitter@workspace:packages/event-emitter"],

    "@paws/rate-limiter": ["@paws/rate-limiter@workspace:packages/rate-limiter"],

    "@paws/shared-types": ["@paws/shared-types@workspace:packages/shared-types"],

    "@paws/storage": ["@paws/storage@workspace:packages/storage"],

    "@types/bun": ["@types/bun@1.3.6", "", { "dependencies": { "bun-types": "1.3.6" } }, "sha512-uWCv6FO/8LcpREhenN1d1b6fcspAB+cefwD7uti8C8VffIv0Um08TKMn98FynpTiU38+y2dUO55T11NgDt8VAA=="],

    "@types/node": ["@types/node@25.0.10", "", { "dependencies": { "undici-types": "~7.16.0" } }, "sha512-zWW5KPngR/yvakJgGOmZ5vTBemDoSqF3AcV/LrO5u5wTWyEAVVh+IT39G4gtyAkh3CtTZs8aX/yRM82OfzHJRg=="],

    "bun-types": ["bun-types@1.3.6", "", { "dependencies": { "@types/node": "*" } }, "sha512-OlFwHcnNV99r//9v5IIOgQ9Uk37gZqrNMCcqEaExdkVq3Avwqok1bJFmvGMCkCE0FqzdY8VMOZpfpR3lwI+CsQ=="],

    "bun-ws-inspect": ["bun-ws-inspect@workspace:packages/bun-ws-inspect"],

    "discord-gateway-rpc": ["discord-gateway-rpc@workspace:apps/paws"],

    "ts-qrcode-terminal": ["ts-qrcode-terminal@1.0.1", "", { "dependencies": { "tslib": "^2.6.2" } }, "sha512-8wGzM7+j5yxgTdL2AxW3zWBuWemRAjpZ6B0Qm15uM1InGDV9RjtV5ZnEY+R7+CqPDYBTLH38GlgTVsKaTo5rrA=="],

    "tslib": ["tslib@2.8.1", "", {}, "sha512-oJFu94HQb+KVduSUQL7wnpmqnfmLsOA/nAh6b6EH0wCEoK0/mPeXU6c3wKDV83MkOuHPRHtSXKKU99IBazS/2w=="],

    "turbo": ["turbo@2.8.0", "", { "optionalDependencies": { "turbo-darwin-64": "2.8.0", "turbo-darwin-arm64": "2.8.0", "turbo-linux-64": "2.8.0", "turbo-linux-arm64": "2.8.0", "turbo-windows-64": "2.8.0", "turbo-windows-arm64": "2.8.0" }, "bin": { "turbo": "bin/turbo" } }, "sha512-hYbxnLEdvJF+DLALS+Ia+PbfNtn0sDP0hH2u9AFoskSUDmcVHSrtwHpzdX94MrRJKo9D9tYxY3MyP20gnlrWyA=="],

    "turbo-darwin-64": ["turbo-darwin-64@2.8.0", "", { "os": "darwin", "cpu": "x64" }, "sha512-N7f4PYqz25yk8c5kituk09bJ89tE4wPPqKXgYccT6nbEQnGnrdvlyCHLyqViNObTgjjrddqjb1hmDkv7VcxE0g=="],

    "turbo-darwin-arm64": ["turbo-darwin-arm64@2.8.0", "", { "os": "darwin", "cpu": "arm64" }, "sha512-eVzejaP5fn51gmJAPW68U6mSjFaAZ26rPiE36mMdk+tMC4XBGmJHT/fIgrhcrXMvINCl27RF8VmguRe+MBlSuQ=="],

    "turbo-linux-64": ["turbo-linux-64@2.8.0", "", { "os": "linux", "cpu": "x64" }, "sha512-ILR45zviYae3icf4cmUISdj8X17ybNcMh3Ms4cRdJF5sS50qDDTv8qeWqO/lPeHsu6r43gVWDofbDZYVuXYL7Q=="],

    "turbo-linux-arm64": ["turbo-linux-arm64@2.8.0", "", { "os": "linux", "cpu": "arm64" }, "sha512-z9pUa8ENFuHmadPfjEYMRWlXO82t1F/XBDx2XTg+cWWRZHf85FnEB6D4ForJn/GoKEEvwdPhFLzvvhOssom2ug=="],

    "turbo-windows-64": ["turbo-windows-64@2.8.0", "", { "os": "win32", "cpu": "x64" }, "sha512-J6juRSRjmSErEqJCv7nVIq2DgZ2NHXqyeV8NQTFSyIvrThKiWe7FDOO6oYpuR06+C1NW82aoN4qQt4/gYvz25w=="],

    "turbo-windows-arm64": ["turbo-windows-arm64@2.8.0", "", { "os": "win32", "cpu": "arm64" }, "sha512-qarBZvCu6uka35739TS+y/3CBU3zScrVAfohAkKHG+So+93Wn+5tKArs8HrO2fuTaGou8fMIeTV7V5NgzCVkSQ=="],

    "typescript": ["typescript@5.9.3", "", { "bin": { "tsc": "bin/tsc", "tsserver": "bin/tsserver" } }, "sha512-jl1vZzPDinLr9eUt3J/t7V6FgNEw9QjvBPdysz9KfQDD41fQrC2Y4vKQdiaUpFT4bXlb1RHhLpp8wtm6M5TgSw=="],

    "undici-types": ["undici-types@7.16.0", "", {}, "sha512-Zz+aZWSj8LE6zoxD+xrjh4VfkIG8Ya6LvYkZqtUQGJPZjYl53ypCaUwWqo7eI0x66KBGeRo+mlBEkMSeSZ38Nw=="],

    "zod": ["zod@4.3.6", "", {}, "sha512-rftlrkhHZOcjDwkGlnUtZZkvaPHCsDATp4pGpuOOMDaTdDDXF91wuVDJoWoPsKX/3YPQ5fHuF3STjcYyKr+Qhg=="],

    "@paws/auth/@types/bun": ["@types/bun@1.3.7", "", { "dependencies": { "bun-types": "1.3.7" } }, "sha512-lmNuMda+Z9b7tmhA0tohwy8ZWFSnmQm1UDWXtH5r9F7wZCfkeO3Jx7wKQ1EOiKq43yHts7ky6r8SDJQWRNupkA=="],

    "@paws/connection-monitor/@types/bun": ["@types/bun@1.3.7", "", { "dependencies": { "bun-types": "1.3.7" } }, "sha512-lmNuMda+Z9b7tmhA0tohwy8ZWFSnmQm1UDWXtH5r9F7wZCfkeO3Jx7wKQ1EOiKq43yHts7ky6r8SDJQWRNupkA=="],

    "@paws/debug-logger/@types/bun": ["@types/bun@1.3.7", "", { "dependencies": { "bun-types": "1.3.7" } }, "sha512-lmNuMda+Z9b7tmhA0tohwy8ZWFSnmQm1UDWXtH5r9F7wZCfkeO3Jx7wKQ1EOiKq43yHts7ky6r8SDJQWRNupkA=="],

    "@paws/event-emitter/@types/bun": ["@types/bun@1.3.7", "", { "dependencies": { "bun-types": "1.3.7" } }, "sha512-lmNuMda+Z9b7tmhA0tohwy8ZWFSnmQm1UDWXtH5r9F7wZCfkeO3Jx7wKQ1EOiKq43yHts7ky6r8SDJQWRNupkA=="],

    "@paws/rate-limiter/@types/bun": ["@types/bun@1.3.7", "", { "dependencies": { "bun-types": "1.3.7" } }, "sha512-lmNuMda+Z9b7tmhA0tohwy8ZWFSnmQm1UDWXtH5r9F7wZCfkeO3Jx7wKQ1EOiKq43yHts7ky6r8SDJQWRNupkA=="],

    "@paws/shared-types/@types/bun": ["@types/bun@1.3.7", "", { "dependencies": { "bun-types": "1.3.7" } }, "sha512-lmNuMda+Z9b7tmhA0tohwy8ZWFSnmQm1UDWXtH5r9F7wZCfkeO3Jx7wKQ1EOiKq43yHts7ky6r8SDJQWRNupkA=="],

    "@paws/storage/@types/bun": ["@types/bun@1.3.7", "", { "dependencies": { "bun-types": "1.3.7" } }, "sha512-lmNuMda+Z9b7tmhA0tohwy8ZWFSnmQm1UDWXtH5r9F7wZCfkeO3Jx7wKQ1EOiKq43yHts7ky6r8SDJQWRNupkA=="],

    "bun-ws-inspect/@types/bun": ["@types/bun@1.3.7", "", { "dependencies": { "bun-types": "1.3.7" } }, "sha512-lmNuMda+Z9b7tmhA0tohwy8ZWFSnmQm1UDWXtH5r9F7wZCfkeO3Jx7wKQ1EOiKq43yHts7ky6r8SDJQWRNupkA=="],

    "discord-gateway-rpc/@types/bun": ["@types/bun@1.3.7", "", { "dependencies": { "bun-types": "1.3.7" } }, "sha512-lmNuMda+Z9b7tmhA0tohwy8ZWFSnmQm1UDWXtH5r9F7wZCfkeO3Jx7wKQ1EOiKq43yHts7ky6r8SDJQWRNupkA=="],

    "@paws/auth/@types/bun/bun-types": ["bun-types@1.3.7", "", { "dependencies": { "@types/node": "*" } }, "sha512-qyschsA03Qz+gou+apt6HNl6HnI+sJJLL4wLDke4iugsE6584CMupOtTY1n+2YC9nGVrEKUlTs99jjRLKgWnjQ=="],

    "@paws/connection-monitor/@types/bun/bun-types": ["bun-types@1.3.7", "", { "dependencies": { "@types/node": "*" } }, "sha512-qyschsA03Qz+gou+apt6HNl6HnI+sJJLL4wLDke4iugsE6584CMupOtTY1n+2YC9nGVrEKUlTs99jjRLKgWnjQ=="],

    "@paws/debug-logger/@types/bun/bun-types": ["bun-types@1.3.7", "", { "dependencies": { "@types/node": "*" } }, "sha512-qyschsA03Qz+gou+apt6HNl6HnI+sJJLL4wLDke4iugsE6584CMupOtTY1n+2YC9nGVrEKUlTs99jjRLKgWnjQ=="],

    "@paws/event-emitter/@types/bun/bun-types": ["bun-types@1.3.7", "", { "dependencies": { "@types/node": "*" } }, "sha512-qyschsA03Qz+gou+apt6HNl6HnI+sJJLL4wLDke4iugsE6584CMupOtTY1n+2YC9nGVrEKUlTs99jjRLKgWnjQ=="],

    "@paws/rate-limiter/@types/bun/bun-types": ["bun-types@1.3.7", "", { "dependencies": { "@types/node": "*" } }, "sha512-qyschsA03Qz+gou+apt6HNl6HnI+sJJLL4wLDke4iugsE6584CMupOtTY1n+2YC9nGVrEKUlTs99jjRLKgWnjQ=="],

    "@paws/shared-types/@types/bun/bun-types": ["bun-types@1.3.7", "", { "dependencies": { "@types/node": "*" } }, "sha512-qyschsA03Qz+gou+apt6HNl6HnI+sJJLL4wLDke4iugsE6584CMupOtTY1n+2YC9nGVrEKUlTs99jjRLKgWnjQ=="],

    "@paws/storage/@types/bun/bun-types": ["bun-types@1.3.7", "", { "dependencies": { "@types/node": "*" } }, "sha512-qyschsA03Qz+gou+apt6HNl6HnI+sJJLL4wLDke4iugsE6584CMupOtTY1n+2YC9nGVrEKUlTs99jjRLKgWnjQ=="],

    "bun-ws-inspect/@types/bun/bun-types": ["bun-types@1.3.7", "", { "dependencies": { "@types/node": "*" } }, "sha512-qyschsA03Qz+gou+apt6HNl6HnI+sJJLL4wLDke4iugsE6584CMupOtTY1n+2YC9nGVrEKUlTs99jjRLKgWnjQ=="],

    "discord-gateway-rpc/@types/bun/bun-types": ["bun-types@1.3.7", "", { "dependencies": { "@types/node": "*" } }, "sha512-qyschsA03Qz+gou+apt6HNl6HnI+sJJLL4wLDke4iugsE6584CMupOtTY1n+2YC9nGVrEKUlTs99jjRLKgWnjQ=="],
  }
}
